
Microsoft Visual Studio Solution File, Format Version 12.00
# Visual Studio Version 16
VisualStudioVersion = 16.0.29215.179
MinimumVisualStudioVersion = 10.0.40219.1
Project("{2150E333-8FDC-42A3-9474-1A3956D46DE8}") = "src", "src", "{721D4679-A209-4C2C-A1DF-9E14372EF150}"
EndProject
Project("{2150E333-8FDC-42A3-9474-1A3956D46DE8}") = "test", "test", "{53613748-631C-4135-BCDE-2E4E418BB23C}"
EndProject
Project("{2150E333-8FDC-42A3-9474-1A3956D46DE8}") = "[1] Infrastructure", "[1] Infrastructure", "{4BE3995D-5353-4D7E-91E2-32472E68A2FC}"
EndProject
Project("{9A19103F-16F7-4668-BE54-9A1E7A4F7556}") = "Shadow.Infrastructure", "src\Shadow.Infrastructure\Shadow.Infrastructure.csproj", "{3303E829-BB48-49B7-A141-528454D65A4E}"
EndProject
Project("{2150E333-8FDC-42A3-9474-1A3956D46DE8}") = "[6] Service", "[6] Service", "{ADD9C8AF-2420-40F3-8C0C-BCC564F8581A}"
EndProject
Project("{2150E333-8FDC-42A3-9474-1A3956D46DE8}") = "[3] Repository", "[3] Repository", "{C8403AB7-E9EE-492D-B3F0-1A3442DDF9D7}"
EndProject
Project("{2150E333-8FDC-42A3-9474-1A3956D46DE8}") = "[7] Appilcation", "[7] Appilcation", "{6DF4CBB1-839A-4F63-A82B-AA86BD9C69FA}"
EndProject
Project("{9A19103F-16F7-4668-BE54-9A1E7A4F7556}") = "Shadow.Service", "src\Shadow.Service\Shadow.Service.csproj", "{6E675D67-36D4-47F7-B9A0-5E3430241226}"
EndProject
Project("{9A19103F-16F7-4668-BE54-9A1E7A4F7556}") = "Shadow.SqlServerRepository", "src\Shadow.SqlServerRepository\Shadow.SqlServerRepository.csproj", "{91DF4C5D-52A2-4D92-A629-369E117882A8}"
EndProject
Project("{2150E333-8FDC-42A3-9474-1A3956D46DE8}") = "[2] Model", "[2] Model", "{C94EC205-496F-466C-B302-EC84818AA07F}"
EndProject
Project("{9A19103F-16F7-4668-BE54-9A1E7A4F7556}") = "Shadow.Entity", "src\Shadow.Entity\Shadow.Entity.csproj", "{54B57A25-DF0E-43F1-B81F-4ADCD90A6049}"
EndProject
Project("{2150E333-8FDC-42A3-9474-1A3956D46DE8}") = "[5] ThirdPartyServices", "[5] ThirdPartyServices", "{62F1EB6E-426D-4E94-8CDB-48F15AF0CA7B}"
EndProject
Project("{9A19103F-16F7-4668-BE54-9A1E7A4F7556}") = "Shadow.MySqlRepository", "src\Shadow.MySqlRepository\Shadow.MySqlRepository.csproj", "{8E576C47-D6BA-4DEC-B6CB-8FFE2B597018}"
EndProject
Project("{9A19103F-16F7-4668-BE54-9A1E7A4F7556}") = "Shadow.IService", "src\Shadow.IService\Shadow.IService.csproj", "{8667A499-DE47-4B79-A0CE-7FD77B12DAF2}"
EndProject
Project("{2150E333-8FDC-42A3-9474-1A3956D46DE8}") = "[4] DTO", "[4] DTO", "{5B4B370C-B805-46AE-9C88-3576880FFA52}"
EndProject
Project("{9A19103F-16F7-4668-BE54-9A1E7A4F7556}") = "Shadow.ContractModel", "src\Shadow.ContractModel\Shadow.ContractModel.csproj", "{D000D62D-0575-4441-9964-F2B815DF0DC8}"
EndProject
Project("{9A19103F-16F7-4668-BE54-9A1E7A4F7556}") = "Shadow.ThirdParty.ESB", "src\Shadow.ThirdParty.ESB\Shadow.ThirdParty.ESB.csproj", "{ACA7FB7C-B7B1-4961-B732-2C833D1E77DA}"
EndProject
Project("{9A19103F-16F7-4668-BE54-9A1E7A4F7556}") = "Shadow.IRepository", "src\Shadow.IRepository\Shadow.IRepository.csproj", "{3413D409-EACB-4B89-BCE4-BD07499E5FAB}"
EndProject
Project("{9A19103F-16F7-4668-BE54-9A1E7A4F7556}") = "Shadow.Tool", "src\Shadow.Tool\Shadow.Tool.csproj", "{D5389868-CD94-4A43-A211-84D086D883B2}"
EndProject
Project("{9A19103F-16F7-4668-BE54-9A1E7A4F7556}") = "Shadow.Tests.Infrastructure", "test\Shadow.Tests.Infrastructure\Shadow.Tests.Infrastructure.csproj", "{EE92E6FA-38B2-4B4B-83E7-491B5A41AA22}"
EndProject
Project("{9A19103F-16F7-4668-BE54-9A1E7A4F7556}") = "Shodow.Tests.Repository", "test\Shodow.Tests.Repository\Shodow.Tests.Repository.csproj", "{60F813CF-05F1-45A7-B977-628628D505E0}"
EndProject
Project("{9A19103F-16F7-4668-BE54-9A1E7A4F7556}") = "Shadow.Tests.Tool", "test\Shadow.Tests.Tool\Shadow.Tests.Tool.csproj", "{16014137-F87F-4443-9564-BE8F2018AA07}"
EndProject
Project("{9A19103F-16F7-4668-BE54-9A1E7A4F7556}") = "Shadow.MongoDbRepository", "src\Shadow.MongoDbRepository\Shadow.MongoDbRepository.csproj", "{9F13C21D-F9E3-4546-B609-CFA2A7A423A2}"
EndProject
Project("{FAE04EC0-301F-11D3-BF4B-00C04F79EFBC}") = "Shadow.WebApi", "src\Shadow.WebApi\Shadow.WebApi.csproj", "{4F5D3468-B351-43AA-A88F-BBAF2F553F2C}"
EndProject
Global
	GlobalSection(SolutionConfigurationPlatforms) = preSolution
		Debug|Any CPU = Debug|Any CPU
		Release|Any CPU = Release|Any CPU
	EndGlobalSection
	GlobalSection(ProjectConfigurationPlatforms) = postSolution
		{3303E829-BB48-49B7-A141-528454D65A4E}.Debug|Any CPU.ActiveCfg = Debug|Any CPU
		{3303E829-BB48-49B7-A141-528454D65A4E}.Debug|Any CPU.Build.0 = Debug|Any CPU
		{3303E829-BB48-49B7-A141-528454D65A4E}.Release|Any CPU.ActiveCfg = Release|Any CPU
		{3303E829-BB48-49B7-A141-528454D65A4E}.Release|Any CPU.Build.0 = Release|Any CPU
		{6E675D67-36D4-47F7-B9A0-5E3430241226}.Debug|Any CPU.ActiveCfg = Debug|Any CPU
		{6E675D67-36D4-47F7-B9A0-5E3430241226}.Debug|Any CPU.Build.0 = Debug|Any CPU
		{6E675D67-36D4-47F7-B9A0-5E3430241226}.Release|Any CPU.ActiveCfg = Release|Any CPU
		{6E675D67-36D4-47F7-B9A0-5E3430241226}.Release|Any CPU.Build.0 = Release|Any CPU
		{91DF4C5D-52A2-4D92-A629-369E117882A8}.Debug|Any CPU.ActiveCfg = Debug|Any CPU
		{91DF4C5D-52A2-4D92-A629-369E117882A8}.Debug|Any CPU.Build.0 = Debug|Any CPU
		{91DF4C5D-52A2-4D92-A629-369E117882A8}.Release|Any CPU.ActiveCfg = Release|Any CPU
		{91DF4C5D-52A2-4D92-A629-369E117882A8}.Release|Any CPU.Build.0 = Release|Any CPU
		{54B57A25-DF0E-43F1-B81F-4ADCD90A6049}.Debug|Any CPU.ActiveCfg = Debug|Any CPU
		{54B57A25-DF0E-43F1-B81F-4ADCD90A6049}.Debug|Any CPU.Build.0 = Debug|Any CPU
		{54B57A25-DF0E-43F1-B81F-4ADCD90A6049}.Release|Any CPU.ActiveCfg = Release|Any CPU
		{54B57A25-DF0E-43F1-B81F-4ADCD90A6049}.Release|Any CPU.Build.0 = Release|Any CPU
		{8E576C47-D6BA-4DEC-B6CB-8FFE2B597018}.Debug|Any CPU.ActiveCfg = Debug|Any CPU
		{8E576C47-D6BA-4DEC-B6CB-8FFE2B597018}.Debug|Any CPU.Build.0 = Debug|Any CPU
		{8E576C47-D6BA-4DEC-B6CB-8FFE2B597018}.Release|Any CPU.ActiveCfg = Release|Any CPU
		{8E576C47-D6BA-4DEC-B6CB-8FFE2B597018}.Release|Any CPU.Build.0 = Release|Any CPU
		{8667A499-DE47-4B79-A0CE-7FD77B12DAF2}.Debug|Any CPU.ActiveCfg = Debug|Any CPU
		{8667A499-DE47-4B79-A0CE-7FD77B12DAF2}.Debug|Any CPU.Build.0 = Debug|Any CPU
		{8667A499-DE47-4B79-A0CE-7FD77B12DAF2}.Release|Any CPU.ActiveCfg = Release|Any CPU
		{8667A499-DE47-4B79-A0CE-7FD77B12DAF2}.Release|Any CPU.Build.0 = Release|Any CPU
		{D000D62D-0575-4441-9964-F2B815DF0DC8}.Debug|Any CPU.ActiveCfg = Debug|Any CPU
		{D000D62D-0575-4441-9964-F2B815DF0DC8}.Debug|Any CPU.Build.0 = Debug|Any CPU
		{D000D62D-0575-4441-9964-F2B815DF0DC8}.Release|Any CPU.ActiveCfg = Release|Any CPU
		{D000D62D-0575-4441-9964-F2B815DF0DC8}.Release|Any CPU.Build.0 = Release|Any CPU
		{ACA7FB7C-B7B1-4961-B732-2C833D1E77DA}.Debug|Any CPU.ActiveCfg = Debug|Any CPU
		{ACA7FB7C-B7B1-4961-B732-2C833D1E77DA}.Debug|Any CPU.Build.0 = Debug|Any CPU
		{ACA7FB7C-B7B1-4961-B732-2C833D1E77DA}.Release|Any CPU.ActiveCfg = Release|Any CPU
		{ACA7FB7C-B7B1-4961-B732-2C833D1E77DA}.Release|Any CPU.Build.0 = Release|Any CPU
		{3413D409-EACB-4B89-BCE4-BD07499E5FAB}.Debug|Any CPU.ActiveCfg = Debug|Any CPU
		{3413D409-EACB-4B89-BCE4-BD07499E5FAB}.Debug|Any CPU.Build.0 = Debug|Any CPU
		{3413D409-EACB-4B89-BCE4-BD07499E5FAB}.Release|Any CPU.ActiveCfg = Release|Any CPU
		{3413D409-EACB-4B89-BCE4-BD07499E5FAB}.Release|Any CPU.Build.0 = Release|Any CPU
		{D5389868-CD94-4A43-A211-84D086D883B2}.Debug|Any CPU.ActiveCfg = Debug|Any CPU
		{D5389868-CD94-4A43-A211-84D086D883B2}.Debug|Any CPU.Build.0 = Debug|Any CPU
		{D5389868-CD94-4A43-A211-84D086D883B2}.Release|Any CPU.ActiveCfg = Release|Any CPU
		{D5389868-CD94-4A43-A211-84D086D883B2}.Release|Any CPU.Build.0 = Release|Any CPU
		{EE92E6FA-38B2-4B4B-83E7-491B5A41AA22}.Debug|Any CPU.ActiveCfg = Debug|Any CPU
		{EE92E6FA-38B2-4B4B-83E7-491B5A41AA22}.Debug|Any CPU.Build.0 = Debug|Any CPU
		{EE92E6FA-38B2-4B4B-83E7-491B5A41AA22}.Release|Any CPU.ActiveCfg = Release|Any CPU
		{EE92E6FA-38B2-4B4B-83E7-491B5A41AA22}.Release|Any CPU.Build.0 = Release|Any CPU
		{60F813CF-05F1-45A7-B977-628628D505E0}.Debug|Any CPU.ActiveCfg = Debug|Any CPU
		{60F813CF-05F1-45A7-B977-628628D505E0}.Debug|Any CPU.Build.0 = Debug|Any CPU
		{60F813CF-05F1-45A7-B977-628628D505E0}.Release|Any CPU.ActiveCfg = Release|Any CPU
		{60F813CF-05F1-45A7-B977-628628D505E0}.Release|Any CPU.Build.0 = Release|Any CPU
		{16014137-F87F-4443-9564-BE8F2018AA07}.Debug|Any CPU.ActiveCfg = Debug|Any CPU
		{16014137-F87F-4443-9564-BE8F2018AA07}.Debug|Any CPU.Build.0 = Debug|Any CPU
		{16014137-F87F-4443-9564-BE8F2018AA07}.Release|Any CPU.ActiveCfg = Release|Any CPU
		{16014137-F87F-4443-9564-BE8F2018AA07}.Release|Any CPU.Build.0 = Release|Any CPU
		{9F13C21D-F9E3-4546-B609-CFA2A7A423A2}.Debug|Any CPU.ActiveCfg = Debug|Any CPU
		{9F13C21D-F9E3-4546-B609-CFA2A7A423A2}.Debug|Any CPU.Build.0 = Debug|Any CPU
		{9F13C21D-F9E3-4546-B609-CFA2A7A423A2}.Release|Any CPU.ActiveCfg = Release|Any CPU
		{9F13C21D-F9E3-4546-B609-CFA2A7A423A2}.Release|Any CPU.Build.0 = Release|Any CPU
		{4F5D3468-B351-43AA-A88F-BBAF2F553F2C}.Debug|Any CPU.ActiveCfg = Debug|Any CPU
		{4F5D3468-B351-43AA-A88F-BBAF2F553F2C}.Debug|Any CPU.Build.0 = Debug|Any CPU
		{4F5D3468-B351-43AA-A88F-BBAF2F553F2C}.Release|Any CPU.ActiveCfg = Release|Any CPU
		{4F5D3468-B351-43AA-A88F-BBAF2F553F2C}.Release|Any CPU.Build.0 = Release|Any CPU
	EndGlobalSection
	GlobalSection(SolutionProperties) = preSolution
		HideSolutionNode = FALSE
	EndGlobalSection
	GlobalSection(NestedProjects) = preSolution
		{4BE3995D-5353-4D7E-91E2-32472E68A2FC} = {721D4679-A209-4C2C-A1DF-9E14372EF150}
		{3303E829-BB48-49B7-A141-528454D65A4E} = {4BE3995D-5353-4D7E-91E2-32472E68A2FC}
		{ADD9C8AF-2420-40F3-8C0C-BCC564F8581A} = {721D4679-A209-4C2C-A1DF-9E14372EF150}
		{C8403AB7-E9EE-492D-B3F0-1A3442DDF9D7} = {721D4679-A209-4C2C-A1DF-9E14372EF150}
		{6DF4CBB1-839A-4F63-A82B-AA86BD9C69FA} = {721D4679-A209-4C2C-A1DF-9E14372EF150}
		{6E675D67-36D4-47F7-B9A0-5E3430241226} = {ADD9C8AF-2420-40F3-8C0C-BCC564F8581A}
		{91DF4C5D-52A2-4D92-A629-369E117882A8} = {C8403AB7-E9EE-492D-B3F0-1A3442DDF9D7}
		{C94EC205-496F-466C-B302-EC84818AA07F} = {721D4679-A209-4C2C-A1DF-9E14372EF150}
		{54B57A25-DF0E-43F1-B81F-4ADCD90A6049} = {C94EC205-496F-466C-B302-EC84818AA07F}
		{62F1EB6E-426D-4E94-8CDB-48F15AF0CA7B} = {721D4679-A209-4C2C-A1DF-9E14372EF150}
		{8E576C47-D6BA-4DEC-B6CB-8FFE2B597018} = {C8403AB7-E9EE-492D-B3F0-1A3442DDF9D7}
		{8667A499-DE47-4B79-A0CE-7FD77B12DAF2} = {ADD9C8AF-2420-40F3-8C0C-BCC564F8581A}
		{5B4B370C-B805-46AE-9C88-3576880FFA52} = {721D4679-A209-4C2C-A1DF-9E14372EF150}
		{D000D62D-0575-4441-9964-F2B815DF0DC8} = {5B4B370C-B805-46AE-9C88-3576880FFA52}
		{ACA7FB7C-B7B1-4961-B732-2C833D1E77DA} = {62F1EB6E-426D-4E94-8CDB-48F15AF0CA7B}
		{3413D409-EACB-4B89-BCE4-BD07499E5FAB} = {C8403AB7-E9EE-492D-B3F0-1A3442DDF9D7}
		{D5389868-CD94-4A43-A211-84D086D883B2} = {4BE3995D-5353-4D7E-91E2-32472E68A2FC}
		{EE92E6FA-38B2-4B4B-83E7-491B5A41AA22} = {53613748-631C-4135-BCDE-2E4E418BB23C}
		{60F813CF-05F1-45A7-B977-628628D505E0} = {53613748-631C-4135-BCDE-2E4E418BB23C}
		{16014137-F87F-4443-9564-BE8F2018AA07} = {53613748-631C-4135-BCDE-2E4E418BB23C}
		{9F13C21D-F9E3-4546-B609-CFA2A7A423A2} = {C8403AB7-E9EE-492D-B3F0-1A3442DDF9D7}
		{4F5D3468-B351-43AA-A88F-BBAF2F553F2C} = {6DF4CBB1-839A-4F63-A82B-AA86BD9C69FA}
	EndGlobalSection
	GlobalSection(ExtensibilityGlobals) = postSolution
		SolutionGuid = {E32722B2-7C51-45D5-94E1-C730EA6DC1A5}
	EndGlobalSection
EndGlobal
